{
  "name": "remote-login-relay",
  "version": "0.1.3",
  "lockfileVersion": 3,
  "requires": true,
  "packages": {
    "": {
      "name": "remote-login-relay",
      "version": "0.1.3",
      "license": "MIT",
      "dependencies": {
        "nodemailer": "9.0.5",
        "ws": "8.21.3"
      },
      "devDependencies": {
        "smtp-server": "3.19.3"
      },
      "engines": {
        "node": ">=20"
      }
    },
    "node_modules/ipv6-normalize": {
      "version": "1.0.1",
      "resolved": "https://registry.npmmirror.com/ipv6-normalize/-/ipv6-normalize-1.0.1.tgz",
      "integrity": "sha512-Bm6H79i01DjgGTCWjUuCjJ6QDo1HB96PT/xCYuyJUP9WFbVDrLSbG4EZCvOCun2rNswZb0c3e4Jt/ws795esHA==",
      "dev": true,
      "license": "MIT"
    },
    "node_modules/nodemailer": {
      "version": "9.0.5",
      "resolved": "https://registry.npmmirror.com/nodemailer/-/nodemailer-9.0.5.tgz",
      "integrity": "sha512-wvjiKvjczmsN7U/8006JOdXubgBk2XFAbioDMbT+sM7cPs0QrhJTa6KBRX7P5REGGkDcLUz/EarWidb8G8C1jQ==",
      "license": "MIT-0",
      "engines": {
        "node": ">=6.0.0"
      }
    },
    "node_modules/punycode.js": {
      "version": "2.3.1",
      "resolved": "https://registry.npmmirror.com/punycode.js/-/punycode.js-2.3.1.tgz",
      "integrity": "sha512-uxFIHU0YlHYhDQtV4R9J6a52SLx28BCjT+4ieh7IGbgwVJWO+km431c4yRlREUAsAmt/uMjQUyQHNEPf0M39CA==",
      "dev": true,
      "license": "MIT",
      "engines": {
        "node": ">=6"
      }
    },
    "node_modules/smtp-server": {
      "version": "3.19.3",
      "resolved": "https://registry.npmmirror.com/smtp-server/-/smtp-server-3.19.3.tgz",
      "integrity": "sha512-1WkMlusxxy0Pdx3Bj4+nxzXLakON3EvV8+e0ZD/u6weNkHiX/ih2KGRV2A6Hg54Z30CQjE1OvNs79EZ0r0fBkw==",
      "dev": true,
      "license": "MIT-0",
      "dependencies": {
        "ipv6-normalize": "1.0.1",
        "nodemailer": "9.0.5",
        "punycode.js": "2.3.1"
      },
      "engines": {
        "node": ">=18.18.0"
      }
    },
    "node_modules/ws": {
      "version": "8.21.3",
      "resolved": "https://registry.npmjs.org/ws/-/ws-8.21.3.tgz",
      "integrity": "sha512-201TZ/kPWxoPr/OKWjquZR1SWKXcvxdH+e1xrx89b3YbmzLMFCLfnaG1HFIgWzJOEWZ7MvpK++odZufgYR50Rw==",
      "license": "MIT",
      "engines": {
        "node": ">=10.0.0"
      },
      "peerDependencies": {
        "bufferutil": "^4.0.1",
        "utf-8-validate": ">=5.0.2"
      },
      "peerDependenciesMeta": {
        "bufferutil": {
          "optional": true
        },
        "utf-8-validate": {
          "optional": true
        }
      }
    }
  }
}
